// !$*UTF8*$!
{
	archiveVersion = 1;
	classes = {
	};
	objectVersion = 50;
	objects = {

/* Begin PBXBuildFile section */
		0DBD64322123FA8C004E86E5 /* AppDelegate.swift in Sources */ = {isa = PBXBuildFile; fileRef = 0DBD64312123FA8C004E86E5 /* AppDelegate.swift */; };
		0DBD64342123FA8C004E86E5 /* ViewController.swift in Sources */ = {isa = PBXBuildFile; fileRef = 0DBD64332123FA8C004E86E5 /* ViewController.swift */; };
		0DBD64372123FA8C004E86E5 /* Main.storyboard in Resources */ = {isa = PBXBuildFile; fileRef = 0DBD64352123FA8C004E86E5 /* Main.storyboard */; };
		0DBD64392123FA8E004E86E5 /* Assets.xcassets in Resources */ = {isa = PBXBuildFile; fileRef = 0DBD64382123FA8E004E86E5 /* Assets.xcassets */; };
		0DBD643C2123FA8E004E86E5 /* LaunchScreen.storyboard in Resources */ = {isa = PBXBuildFile; fileRef = 0DBD643A2123FA8E004E86E5 /* LaunchScreen.storyboard */; };
		0DBD64472123FA8F004E86E5 /* LoginSampleTests.swift in Sources */ = {isa = PBXBuildFile; fileRef = 0DBD64462123FA8F004E86E5 /* LoginSampleTests.swift */; };
		0DBD64522123FA8F004E86E5 /* LoginSampleUITests.swift in Sources */ = {isa = PBXBuildFile; fileRef = 0DBD64512123FA8F004E86E5 /* LoginSampleUITests.swift */; };
		0DBD646321240698004E86E5 /* LoginModel.swift in Sources */ = {isa = PBXBuildFile; fileRef = 0DBD646221240698004E86E5 /* LoginModel.swift */; };
		0DBD646721240722004E86E5 /* FieldsViewModel.swift in Sources */ = {isa = PBXBuildFile; fileRef = 0DBD646621240722004E86E5 /* FieldsViewModel.swift */; };
		0DBD646921240AC0004E86E5 /* EmailandPasswordViewModel.swift in Sources */ = {isa = PBXBuildFile; fileRef = 0DBD646821240AC0004E86E5 /* EmailandPasswordViewModel.swift */; };
		0DBD646B21240D55004E86E5 /* LogInViewModel.swift in Sources */ = {isa = PBXBuildFile; fileRef = 0DBD646A21240D55004E86E5 /* LogInViewModel.swift */; };
		0DBD646D21241F00004E86E5 /* AlertView.swift in Sources */ = {isa = PBXBuildFile; fileRef = 0DBD646C21241F00004E86E5 /* AlertView.swift */; };
		0DBD647021243304004E86E5 /* UItextfieldExtension.swift in Sources */ = {isa = PBXBuildFile; fileRef = 0DBD646F21243304004E86E5 /* UItextfieldExtension.swift */; };
		0DBD647821243C36004E86E5 /* Localizable.strings in Resources */ = {isa = PBXBuildFile; fileRef = 0DBD647621243C36004E86E5 /* Localizable.strings */; };
		0DBD647D21244562004E86E5 /* InfoPlist.strings in Resources */ = {isa = PBXBuildFile; fileRef = 0DBD647B21244562004E86E5 /* InfoPlist.strings */; };
/* End PBXBuildFile section */

/* Begin PBXContainerItemProxy section */
		0DBD64432123FA8F004E86E5 /* PBXContainerItemProxy */ = {
			isa = PBXContainerItemProxy;
			containerPortal = 0DBD64262123FA8C004E86E5 /* Project object */;
			proxyType = 1;
			remoteGlobalIDString = 0DBD642D2123FA8C004E86E5;
			remoteInfo = LoginSample;
		};
		0DBD644E2123FA8F004E86E5 /* PBXContainerItemProxy */ = {
			isa = PBXContainerItemProxy;
			containerPortal = 0DBD64262123FA8C004E86E5 /* Project object */;
			proxyType = 1;
			remoteGlobalIDString = 0DBD642D2123FA8C004E86E5;
			remoteInfo = LoginSample;
		};
/* End PBXContainerItemProxy section */

/* Begin PBXFileReference section */
		0DBD642E2123FA8C004E86E5 /* LoginSample.app */ = {isa = PBXFileReference; explicitFileType = wrapper.application; includeInIndex = 0; path = LoginSample.app; sourceTree = BUILT_PRODUCTS_DIR; };
		0DBD64312123FA8C004E86E5 /* AppDelegate.swift */ = {isa = PBXFileReference; lastKnownFileType = sourcecode.swift; path = AppDelegate.swift; sourceTree = "<group>"; };
		0DBD64332123FA8C004E86E5 /* ViewController.swift */ = {isa = PBXFileReference; lastKnownFileType = sourcecode.swift; path = ViewController.swift; sourceTree = "<group>"; };
		0DBD64362123FA8C004E86E5 /* Base */ = {isa = PBXFileReference; lastKnownFileType = file.storyboard; name = Base; path = Base.lproj/Main.storyboard; sourceTree = "<group>"; };
		0DBD64382123FA8E004E86E5 /* Assets.xcassets */ = {isa = PBXFileReference; lastKnownFileType = folder.assetcatalog; path = Assets.xcassets; sourceTree = "<group>"; };
		0DBD643B2123FA8E004E86E5 /* Base */ = {isa = PBXFileReference; lastKnownFileType = file.storyboard; name = Base; path = Base.lproj/LaunchScreen.storyboard; sourceTree = "<group>"; };
		0DBD643D2123FA8E004E86E5 /* Info.plist */ = {isa = PBXFileReference; lastKnownFileType = text.plist.xml; path = Info.plist; sourceTree = "<group>"; };
		0DBD64422123FA8F004E86E5 /* LoginSampleTests.xctest */ = {isa = PBXFileReference; explicitFileType = wrapper.cfbundle; includeInIndex = 0; path = LoginSampleTests.xctest; sourceTree = BUILT_PRODUCTS_DIR; };
		0DBD64462123FA8F004E86E5 /* LoginSampleTests.swift */ = {isa = PBXFileReference; lastKnownFileType = sourcecode.swift; path = LoginSampleTests.swift; sourceTree = "<group>"; };
		0DBD64482123FA8F004E86E5 /* Info.plist */ = {isa = PBXFileReference; lastKnownFileType = text.plist.xml; path = Info.plist; sourceTree = "<group>"; };
		0DBD644D2123FA8F004E86E5 /* LoginSampleUITests.xctest */ = {isa = PBXFileReference; explicitFileType = wrapper.cfbundle; includeInIndex = 0; path = LoginSampleUITests.xctest; sourceTree = BUILT_PRODUCTS_DIR; };
		0DBD64512123FA8F004E86E5 /* LoginSampleUITests.swift */ = {isa = PBXFileReference; lastKnownFileType = sourcecode.swift; path = LoginSampleUITests.swift; sourceTree = "<group>"; };
		0DBD64532123FA8F004E86E5 /* Info.plist */ = {isa = PBXFileReference; lastKnownFileType = text.plist.xml; path = Info.plist; sourceTree = "<group>"; };
		0DBD646221240698004E86E5 /* LoginModel.swift */ = {isa = PBXFileReference; lastKnownFileType = sourcecode.swift; path = LoginModel.swift; sourceTree = "<group>"; };
		0DBD646621240722004E86E5 /* FieldsViewModel.swift */ = {isa = PBXFileReference; lastKnownFileType = sourcecode.swift; path = FieldsViewModel.swift; sourceTree = "<group>"; };
		0DBD646821240AC0004E86E5 /* EmailandPasswordViewModel.swift */ = {isa = PBXFileReference; lastKnownFileType = sourcecode.swift; path = EmailandPasswordViewModel.swift; sourceTree = "<group>"; };
		0DBD646A21240D55004E86E5 /* LogInViewModel.swift */ = {isa = PBXFileReference; lastKnownFileType = sourcecode.swift; path = LogInViewModel.swift; sourceTree = "<group>"; };
		0DBD646C21241F00004E86E5 /* AlertView.swift */ = {isa = PBXFileReference; lastKnownFileType = sourcecode.swift; path = AlertView.swift; sourceTree = "<group>"; };
		0DBD646F21243304004E86E5 /* UItextfieldExtension.swift */ = {isa = PBXFileReference; lastKnownFileType = sourcecode.swift; path = UItextfieldExtension.swift; sourceTree = "<group>"; };
		0DBD647121243B3D004E86E5 /* es */ = {isa = PBXFileReference; lastKnownFileType = text.plist.strings; name = es; path = es.lproj/Main.strings; sourceTree = "<group>"; };
		0DBD647221243B3D004E86E5 /* es */ = {isa = PBXFileReference; lastKnownFileType = text.plist.strings; name = es; path = es.lproj/LaunchScreen.strings; sourceTree = "<group>"; };
		0DBD647721243C36004E86E5 /* Base */ = {isa = PBXFileReference; lastKnownFileType = text.plist.strings; name = Base; path = LoginSample/Base.lproj/Localizable.strings; sourceTree = "<group>"; };
		0DBD647921243C74004E86E5 /* es */ = {isa = PBXFileReference; lastKnownFileType = text.plist.strings; name = es; path = LoginSample/es.lproj/Localizable.strings; sourceTree = "<group>"; };
		0DBD647A21243CA4004E86E5 /* en */ = {isa = PBXFileReference; lastKnownFileType = text.plist.strings; name = en; path = LoginSample/en.lproj/Localizable.strings; sourceTree = "<group>"; };
		0DBD647C21244562004E86E5 /* Base */ = {isa = PBXFileReference; lastKnownFileType = text.plist.strings; name = Base; path = LoginSample/Base.lproj/InfoPlist.strings; sourceTree = "<group>"; };
		0DBD647E21244570004E86E5 /* es */ = {isa = PBXFileReference; lastKnownFileType = text.plist.strings; name = es; path = LoginSample/es.lproj/InfoPlist.strings; sourceTree = "<group>"; };
/* End PBXFileReference section */

/* Begin PBXFrameworksBuildPhase section */
		0DBD642B2123FA8C004E86E5 /* Frameworks */ = {
			isa = PBXFrameworksBuildPhase;
			buildActionMask = 2147483647;
			files = (
			);
			runOnlyForDeploymentPostprocessing = 0;
		};
		0DBD643F2123FA8F004E86E5 /* Frameworks */ = {
			isa = PBXFrameworksBuildPhase;
			buildActionMask = 2147483647;
			files = (
			);
			runOnlyForDeploymentPostprocessing = 0;
		};
		0DBD644A2123FA8F004E86E5 /* Frameworks */ = {
			isa = PBXFrameworksBuildPhase;
			buildActionMask = 2147483647;
			files = (
			);
			runOnlyForDeploymentPostprocessing = 0;
		};
/* End PBXFrameworksBuildPhase section */

/* Begin PBXGroup section */
		0DBD64252123FA8C004E86E5 = {
			isa = PBXGroup;
			children = (
				0DBD64302123FA8C004E86E5 /* LoginSample */,
				0DBD64452123FA8F004E86E5 /* LoginSampleTests */,
				0DBD64502123FA8F004E86E5 /* LoginSampleUITests */,
				0DBD642F2123FA8C004E86E5 /* Products */,
			);
			sourceTree = "<group>";
		};
		0DBD642F2123FA8C004E86E5 /* Products */ = {
			isa = PBXGroup;
			children = (
				0DBD642E2123FA8C004E86E5 /* LoginSample.app */,
				0DBD64422123FA8F004E86E5 /* LoginSampleTests.xctest */,
				0DBD644D2123FA8F004E86E5 /* LoginSampleUITests.xctest */,
			);
			name = Products;
			sourceTree = "<group>";
		};
		0DBD64302123FA8C004E86E5 /* LoginSample */ = {
			isa = PBXGroup;
			children = (
				0DBD64312123FA8C004E86E5 /* AppDelegate.swift */,
				0DBD6464212406CA004E86E5 /* Views */,
				0DBD6465212406D7004E86E5 /* ViewModels */,
				0DBD645F2124058B004E86E5 /* Models */,
				0DBD64352123FA8C004E86E5 /* Main.storyboard */,
				0DBD64382123FA8E004E86E5 /* Assets.xcassets */,
				0DBD646E212432D0004E86E5 /* Other */,
				0DBD643A2123FA8E004E86E5 /* LaunchScreen.storyboard */,
				0DBD647F21244846004E86E5 /* Localizations */,
				0DBD643D2123FA8E004E86E5 /* Info.plist */,
			);
			path = LoginSample;
			sourceTree = "<group>";
		};
		0DBD64452123FA8F004E86E5 /* LoginSampleTests */ = {
			isa = PBXGroup;
			children = (
				0DBD64462123FA8F004E86E5 /* LoginSampleTests.swift */,
				0DBD64482123FA8F004E86E5 /* Info.plist */,
			);
			path = LoginSampleTests;
			sourceTree = "<group>";
		};
		0DBD64502123FA8F004E86E5 /* LoginSampleUITests */ = {
			isa = PBXGroup;
			children = (
				0DBD64512123FA8F004E86E5 /* LoginSampleUITests.swift */,
				0DBD64532123FA8F004E86E5 /* Info.plist */,
			);
			path = LoginSampleUITests;
			sourceTree = "<group>";
		};
		0DBD645F2124058B004E86E5 /* Models */ = {
			isa = PBXGroup;
			children = (
				0DBD646221240698004E86E5 /* LoginModel.swift */,
			);
			name = Models;
			sourceTree = "<group>";
		};
		0DBD6464212406CA004E86E5 /* Views */ = {
			isa = PBXGroup;
			children = (
				0DBD64332123FA8C004E86E5 /* ViewController.swift */,
				0DBD646C21241F00004E86E5 /* AlertView.swift */,
			);
			name = Views;
			sourceTree = "<group>";
		};
		0DBD6465212406D7004E86E5 /* ViewModels */ = {
			isa = PBXGroup;
			children = (
				0DBD646621240722004E86E5 /* FieldsViewModel.swift */,
				0DBD646821240AC0004E86E5 /* EmailandPasswordViewModel.swift */,
				0DBD646A21240D55004E86E5 /* LogInViewModel.swift */,
			);
			path = ViewModels;
			sourceTree = "<group>";
		};
		0DBD646E212432D0004E86E5 /* Other */ = {
			isa = PBXGroup;
			children = (
				0DBD646F21243304004E86E5 /* UItextfieldExtension.swift */,
			);
			path = Other;
			sourceTree = "<group>";
		};
		0DBD647F21244846004E86E5 /* Localizations */ = {
			isa = PBXGroup;
			children = (
				0DBD647B21244562004E86E5 /* InfoPlist.strings */,
				0DBD647621243C36004E86E5 /* Localizable.strings */,
			);
			path = Localizations;
			sourceTree = "<group>";
		};
/* End PBXGroup section */

/* Begin PBXNativeTarget section */
		0DBD642D2123FA8C004E86E5 /* LoginSample */ = {
			isa = PBXNativeTarget;
			buildConfigurationList = 0DBD64562123FA8F004E86E5 /* Build configuration list for PBXNativeTarget "LoginSample" */;
			buildPhases = (
				0DBD642A2123FA8C004E86E5 /* Sources */,
				0DBD642B2123FA8C004E86E5 /* Frameworks */,
				0DBD642C2123FA8C004E86E5 /* Resources */,
			);
			buildRules = (
			);
			dependencies = (
			);
			name = LoginSample;
			productName = LoginSample;
			productReference = 0DBD642E2123FA8C004E86E5 /* LoginSample.app */;
			productType = "com.apple.product-type.application";
		};
		0DBD64412123FA8F004E86E5 /* LoginSampleTests */ = {
			isa = PBXNativeTarget;
			buildConfigurationList = 0DBD64592123FA8F004E86E5 /* Build configuration list for PBXNativeTarget "LoginSampleTests" */;
			buildPhases = (
				0DBD643E2123FA8F004E86E5 /* Sources */,
				0DBD643F2123FA8F004E86E5 /* Frameworks */,
				0DBD64402123FA8F004E86E5 /* Resources */,
			);
			buildRules = (
			);
			dependencies = (
				0DBD64442123FA8F004E86E5 /* PBXTargetDependency */,
			);
			name = LoginSampleTests;
			productName = LoginSampleTests;
			productReference = 0DBD64422123FA8F004E86E5 /* LoginSampleTests.xctest */;
			productType = "com.apple.product-type.bundle.unit-test";
		};
		0DBD644C2123FA8F004E86E5 /* LoginSampleUITests */ = {
			isa = PBXNativeTarget;
			buildConfigurationList = 0DBD645C2123FA8F004E86E5 /* Build configuration list for PBXNativeTarget "LoginSampleUITests" */;
			buildPhases = (
				0DBD64492123FA8F004E86E5 /* Sources */,
				0DBD644A2123FA8F004E86E5 /* Frameworks */,
				0DBD644B2123FA8F004E86E5 /* Resources */,
			);
			buildRules = (
			);
			dependencies = (
				0DBD644F2123FA8F004E86E5 /* PBXTargetDependency */,
			);
			name = LoginSampleUITests;
			productName = LoginSampleUITests;
			productReference = 0DBD644D2123FA8F004E86E5 /* LoginSampleUITests.xctest */;
			productType = "com.apple.product-type.bundle.ui-testing";
		};
/* End PBXNativeTarget section */

/* Begin PBXProject section */
		0DBD64262123FA8C004E86E5 /* Project object */ = {
			isa = PBXProject;
			attributes = {
				LastSwiftUpdateCheck = 0940;
				LastUpgradeCheck = 0940;
				ORGANIZATIONNAME = "Sanjay Raskar";
				TargetAttributes = {
					0DBD642D2123FA8C004E86E5 = {
						CreatedOnToolsVersion = 9.4.1;
					};
					0DBD64412123FA8F004E86E5 = {
						CreatedOnToolsVersion = 9.4.1;
						TestTargetID = 0DBD642D2123FA8C004E86E5;
					};
					0DBD644C2123FA8F004E86E5 = {
						CreatedOnToolsVersion = 9.4.1;
						TestTargetID = 0DBD642D2123FA8C004E86E5;
					};
				};
			};
			buildConfigurationList = 0DBD64292123FA8C004E86E5 /* Build configuration list for PBXProject "LoginSample" */;
			compatibilityVersion = "Xcode 9.3";
			developmentRegion = en;
			hasScannedForEncodings = 0;
			knownRegions = (
				en,
				Base,
				es,
			);
			mainGroup = 0DBD64252123FA8C004E86E5;
			productRefGroup = 0DBD642F2123FA8C004E86E5 /* Products */;
			projectDirPath = "";
			projectRoot = "";
			targets = (
				0DBD642D2123FA8C004E86E5 /* LoginSample */,
				0DBD64412123FA8F004E86E5 /* LoginSampleTests */,
				0DBD644C2123FA8F004E86E5 /* LoginSampleUITests */,
			);
		};
/* End PBXProject section */

/* Begin PBXResourcesBuildPhase section */
		0DBD642C2123FA8C004E86E5 /* Resources */ = {
			isa = PBXResourcesBuildPhase;
			buildActionMask = 2147483647;
			files = (
				0DBD643C2123FA8E004E86E5 /* LaunchScreen.storyboard in Resources */,
				0DBD64392123FA8E004E86E5 /* Assets.xcassets in Resources */,
				0DBD647821243C36004E86E5 /* Localizable.strings in Resources */,
				0DBD64372123FA8C004E86E5 /* Main.storyboard in Resources */,
				0DBD647D21244562004E86E5 /* InfoPlist.strings in Resources */,
			);
			runOnlyForDeploymentPostprocessing = 0;
		};
		0DBD64402123FA8F004E86E5 /* Resources */ = {
			isa = PBXResourcesBuildPhase;
			buildActionMask = 2147483647;
			files = (
			);
			runOnlyForDeploymentPostprocessing = 0;
		};
		0DBD644B2123FA8F004E86E5 /* Resources */ = {
			isa = PBXResourcesBuildPhase;
			buildActionMask = 2147483647;
			files = (
			);
			runOnlyForDeploymentPostprocessing = 0;
		};
/* End PBXResourcesBuildPhase section */

/* Begin PBXSourcesBuildPhase section */
		0DBD642A2123FA8C004E86E5 /* Sources */ = {
			isa = PBXSourcesBuildPhase;
			buildActionMask = 2147483647;
			files = (
				0DBD646921240AC0004E86E5 /* EmailandPasswordViewModel.swift in Sources */,
				0DBD647021243304004E86E5 /* UItextfieldExtension.swift in Sources */,
				0DBD646D21241F00004E86E5 /* AlertView.swift in Sources */,
				0DBD64342123FA8C004E86E5 /* ViewController.swift in Sources */,
				0DBD646B21240D55004E86E5 /* LogInViewModel.swift in Sources */,
				0DBD646321240698004E86E5 /* LoginModel.swift in Sources */,
				0DBD64322123FA8C004E86E5 /* AppDelegate.swift in Sources */,
				0DBD646721240722004E86E5 /* FieldsViewModel.swift in Sources */,
			);
			runOnlyForDeploymentPostprocessing = 0;
		};
		0DBD643E2123FA8F004E86E5 /* Sources */ = {
			isa = PBXSourcesBuildPhase;
			buildActionMask = 2147483647;
			files = (
				0DBD64472123FA8F004E86E5 /* LoginSampleTests.swift in Sources */,
			);
			runOnlyForDeploymentPostprocessing = 0;
		};
		0DBD64492123FA8F004E86E5 /* Sources */ = {
			isa = PBXSourcesBuildPhase;
			buildActionMask = 2147483647;
			files = (
				0DBD64522123FA8F004E86E5 /* LoginSampleUITests.swift in Sources */,
			);
			runOnlyForDeploymentPostprocessing = 0;
		};
/* End PBXSourcesBuildPhase section */

/* Begin PBXTargetDependency section */
		0DBD64442123FA8F004E86E5 /* PBXTargetDependency */ = {
			isa = PBXTargetDependency;
			target = 0DBD642D2123FA8C004E86E5 /* LoginSample */;
			targetProxy = 0DBD64432123FA8F004E86E5 /* PBXContainerItemProxy */;
		};
		0DBD644F2123FA8F004E86E5 /* PBXTargetDependency */ = {
			isa = PBXTargetDependency;
			target = 0DBD642D2123FA8C004E86E5 /* LoginSample */;
			targetProxy = 0DBD644E2123FA8F004E86E5 /* PBXContainerItemProxy */;
		};
/* End PBXTargetDependency section */

/* Begin PBXVariantGroup section */
		0DBD64352123FA8C004E86E5 /* Main.storyboard */ = {
			isa = PBXVariantGroup;
			children = (
				0DBD64362123FA8C004E86E5 /* Base */,
				0DBD647121243B3D004E86E5 /* es */,
			);
			name = Main.storyboard;
			sourceTree = "<group>";
		};
		0DBD643A2123FA8E004E86E5 /* LaunchScreen.storyboard */ = {
			isa = PBXVariantGroup;
			children = (
				0DBD643B2123FA8E004E86E5 /* Base */,
				0DBD647221243B3D004E86E5 /* es */,
			);
			name = LaunchScreen.storyboard;
			sourceTree = "<group>";
		};
		0DBD647621243C36004E86E5 /* Localizable.strings */ = {
			isa = PBXVariantGroup;
			children = (
				0DBD647721243C36004E86E5 /* Base */,
				0DBD647921243C74004E86E5 /* es */,
				0DBD647A21243CA4004E86E5 /* en */,
			);
			name = Localizable.strings;
			sourceTree = "<group>";
		};
		0DBD647B21244562004E86E5 /* InfoPlist.strings */ = {
			isa = PBXVariantGroup;
			children = (
				0DBD647C21244562004E86E5 /* Base */,
				0DBD647E21244570004E86E5 /* es */,
			);
			name = InfoPlist.strings;
			sourceTree = "<group>";
		};
/* End PBXVariantGroup section */

/* Begin XCBuildConfiguration section */
		0DBD64542123FA8F004E86E5 /* Debug */ = {
			isa = XCBuildConfiguration;
			buildSettings = {
				ALWAYS_SEARCH_USER_PATHS = NO;
				CLANG_ANALYZER_LOCALIZABILITY_NONLOCALIZED = YES;
				CLANG_ANALYZER_NONNULL = YES;
				CLANG_ANALYZER_NUMBER_OBJECT_CONVERSION = YES_AGGRESSIVE;
				CLANG_CXX_LANGUAGE_STANDARD = "gnu++14";
				CLANG_CXX_LIBRARY = "libc++";
				CLANG_ENABLE_MODULES = YES;
				CLANG_ENABLE_OBJC_ARC = YES;
				CLANG_ENABLE_OBJC_WEAK = YES;
				CLANG_WARN_BLOCK_CAPTURE_AUTORELEASING = YES;
				CLANG_WARN_BOOL_CONVERSION = YES;
				CLANG_WARN_COMMA = YES;
				CLANG_WARN_CONSTANT_CONVERSION = YES;
				CLANG_WARN_DEPRECATED_OBJC_IMPLEMENTATIONS = YES;
				CLANG_WARN_DIRECT_OBJC_ISA_USAGE = YES_ERROR;
				CLANG_WARN_DOCUMENTATION_COMMENTS = YES;
				CLANG_WARN_EMPTY_BODY = YES;
				CLANG_WARN_ENUM_CONVERSION = YES;
				CLANG_WARN_INFINITE_RECURSION = YES;
				CLANG_WARN_INT_CONVERSION = YES;
				CLANG_WARN_NON_LITERAL_NULL_CONVERSION = YES;
				CLANG_WARN_OBJC_IMPLICIT_RETAIN_SELF = YES;
				CLANG_WARN_OBJC_LITERAL_CONVERSION = YES;
				CLANG_WARN_OBJC_ROOT_CLASS = YES_ERROR;
				CLANG_WARN_RANGE_LOOP_ANALYSIS = YES;
				CLANG_WARN_STRICT_PROTOTYPES = YES;
				CLANG_WARN_SUSPICIOUS_MOVE = YES;
				CLANG_WARN_UNGUARDED_AVAILABILITY = YES_AGGRESSIVE;
				CLANG_WARN_UNREACHABLE_CODE = YES;
				CLANG_WARN__DUPLICATE_METHOD_MATCH = YES;
				CODE_SIGN_IDENTITY = "iPhone Developer";
				COPY_PHASE_STRIP = NO;
				DEBUG_INFORMATION_FORMAT = dwarf;
				ENABLE_STRICT_OBJC_MSGSEND = YES;
				ENABLE_TESTABILITY = YES;
				GCC_C_LANGUAGE_STANDARD = gnu11;
				GCC_DYNAMIC_NO_PIC = NO;
				GCC_NO_COMMON_BLOCKS = YES;
				GCC_OPTIMIZATION_LEVEL = 0;
				GCC_PREPROCESSOR_DEFINITIONS = (
					"DEBUG=1",
					"$(inherited)",
				);
				GCC_WARN_64_TO_32_BIT_CONVERSION = YES;
				GCC_WARN_ABOUT_RETURN_TYPE = YES_ERROR;
				GCC_WARN_UNDECLARED_SELECTOR = YES;
				GCC_WARN_UNINITIALIZED_AUTOS = YES_AGGRESSIVE;
				GCC_WARN_UNUSED_FUNCTION = YES;
				GCC_WARN_UNUSED_VARIABLE = YES;
				IPHONEOS_DEPLOYMENT_TARGET = 10.2;
				MTL_ENABLE_DEBUG_INFO = YES;
				ONLY_ACTIVE_ARCH = YES;
				SDKROOT = iphoneos;
				SWIFT_ACTIVE_COMPILATION_CONDITIONS = DEBUG;
				SWIFT_OPTIMIZATION_LEVEL = "-Onone";
			};
			name = Debug;
		};
		0DBD64552123FA8F004E86E5 /* Release */ = {
			isa = XCBuildConfiguration;
			buildSettings = {
				ALWAYS_SEARCH_USER_PATHS = NO;
				CLANG_ANALYZER_LOCALIZABILITY_NONLOCALIZED = YES;
				CLANG_ANALYZER_NONNULL = YES;
				CLANG_ANALYZER_NUMBER_OBJECT_CONVERSION = YES_AGGRESSIVE;
				CLANG_CXX_LANGUAGE_STANDARD = "gnu++14";
				CLANG_CXX_LIBRARY = "libc++";
				CLANG_ENABLE_MODULES = YES;
				CLANG_ENABLE_OBJC_ARC = YES;
				CLANG_ENABLE_OBJC_WEAK = YES;
				CLANG_WARN_BLOCK_CAPTURE_AUTORELEASING = YES;
				CLANG_WARN_BOOL_CONVERSION = YES;
				CLANG_WARN_COMMA = YES;
				CLANG_WARN_CONSTANT_CONVERSION = YES;
				CLANG_WARN_DEPRECATED_OBJC_IMPLEMENTATIONS = YES;
				CLANG_WARN_DIRECT_OBJC_ISA_USAGE = YES_ERROR;
				CLANG_WARN_DOCUMENTATION_COMMENTS = YES;
				CLANG_WARN_EMPTY_BODY = YES;
				CLANG_WARN_ENUM_CONVERSION = YES;
				CLANG_WARN_INFINITE_RECURSION = YES;
				CLANG_WARN_INT_CONVERSION = YES;
				CLANG_WARN_NON_LITERAL_NULL_CONVERSION = YES;
				CLANG_WARN_OBJC_IMPLICIT_RETAIN_SELF = YES;
				CLANG_WARN_OBJC_LITERAL_CONVERSION = YES;
				CLANG_WARN_OBJC_ROOT_CLASS = YES_ERROR;
				CLANG_WARN_RANGE_LOOP_ANALYSIS = YES;
				CLANG_WARN_STRICT_PROTOTYPES = YES;
				CLANG_WARN_SUSPICIOUS_MOVE = YES;
				CLANG_WARN_UNGUARDED_AVAILABILITY = YES_AGGRESSIVE;
				CLANG_WARN_UNREACHABLE_CODE = YES;
				CLANG_WARN__DUPLICATE_METHOD_MATCH = YES;
				CODE_SIGN_IDENTITY = "iPhone Developer";
				COPY_PHASE_STRIP = NO;
				DEBUG_INFORMATION_FORMAT = "dwarf-with-dsym";
				ENABLE_NS_ASSERTIONS = NO;
				ENABLE_STRICT_OBJC_MSGSEND = YES;
				GCC_C_LANGUAGE_STANDARD = gnu11;
				GCC_NO_COMMON_BLOCKS = YES;
				GCC_WARN_64_TO_32_BIT_CONVERSION = YES;
				GCC_WARN_ABOUT_RETURN_TYPE = YES_ERROR;
				GCC_WARN_UNDECLARED_SELECTOR = YES;
				GCC_WARN_UNINITIALIZED_AUTOS = YES_AGGRESSIVE;
				GCC_WARN_UNUSED_FUNCTION = YES;
				GCC_WARN_UNUSED_VARIABLE = YES;
				IPHONEOS_DEPLOYMENT_TARGET = 10.2;
				MTL_ENABLE_DEBUG_INFO = NO;
				SDKROOT = iphoneos;
				SWIFT_COMPILATION_MODE = wholemodule;
				SWIFT_OPTIMIZATION_LEVEL = "-O";
				VALIDATE_PRODUCT = YES;
			};
			name = Release;
		};
		0DBD64572123FA8F004E86E5 /* Debug */ = {
			isa = XCBuildConfiguration;
			buildSettings = {
				ASSETCATALOG_COMPILER_APPICON_NAME = AppIcon;
				CODE_SIGN_STYLE = Automatic;
				INFOPLIST_FILE = LoginSample/Info.plist;
				IPHONEOS_DEPLOYMENT_TARGET = 10.2;
				LD_RUNPATH_SEARCH_PATHS = (
					"$(inherited)",
					"@executable_path/Frameworks",
				);
				PRODUCT_BUNDLE_IDENTIFIER = com.sanjay.myapp.LoginSample;
				PRODUCT_NAME = "$(TARGET_NAME)";
				SWIFT_VERSION = 4.0;
				TARGETED_DEVICE_FAMILY = "1,2";
			};
			name = Debug;
		};
		0DBD64582123FA8F004E86E5 /* Release */ = {
			isa = XCBuildConfiguration;
			buildSettings = {
				ASSETCATALOG_COMPILER_APPICON_NAME = AppIcon;
				CODE_SIGN_STYLE = Automatic;
				INFOPLIST_FILE = LoginSample/Info.plist;
				IPHONEOS_DEPLOYMENT_TARGET = 10.2;
				LD_RUNPATH_SEARCH_PATHS = (
					"$(inherited)",
					"@executable_path/Frameworks",
				);
				PRODUCT_BUNDLE_IDENTIFIER = com.sanjay.myapp.LoginSample;
				PRODUCT_NAME = "$(TARGET_NAME)";
				SWIFT_VERSION = 4.0;
				TARGETED_DEVICE_FAMILY = "1,2";
			};
			name = Release;
		};
		0DBD645A2123FA8F004E86E5 /* Debug */ = {
			isa = XCBuildConfiguration;
			buildSettings = {
				ALWAYS_EMBED_SWIFT_STANDARD_LIBRARIES = YES;
				BUNDLE_LOADER = "$(TEST_HOST)";
				CODE_SIGN_STYLE = Automatic;
				INFOPLIST_FILE = LoginSampleTests/Info.plist;
				LD_RUNPATH_SEARCH_PATHS = (
					"$(inherited)",
					"@executable_path/Frameworks",
					"@loader_path/Frameworks",
				);
				PRODUCT_BUNDLE_IDENTIFIER = com.sanjay.myapp.LoginSampleTests;
				PRODUCT_NAME = "$(TARGET_NAME)";
				SWIFT_VERSION = 4.0;
				TARGETED_DEVICE_FAMILY = "1,2";
				TEST_HOST = "$(BUILT_PRODUCTS_DIR)/LoginSample.app/LoginSample";
			};
			name = Debug;
		};
		0DBD645B2123FA8F004E86E5 /* Release */ = {
			isa = XCBuildConfiguration;
			buildSettings = {
				ALWAYS_EMBED_SWIFT_STANDARD_LIBRARIES = YES;
				BUNDLE_LOADER = "$(TEST_HOST)";
				CODE_SIGN_STYLE = Automatic;
				INFOPLIST_FILE = LoginSampleTests/Info.plist;
				LD_RUNPATH_SEARCH_PATHS = (
					"$(inherited)",
					"@executable_path/Frameworks",
					"@loader_path/Frameworks",
				);
				PRODUCT_BUNDLE_IDENTIFIER = com.sanjay.myapp.LoginSampleTests;
				PRODUCT_NAME = "$(TARGET_NAME)";
				SWIFT_VERSION = 4.0;
				TARGETED_DEVICE_FAMILY = "1,2";
				TEST_HOST = "$(BUILT_PRODUCTS_DIR)/LoginSample.app/LoginSample";
			};
			name = Release;
		};
		0DBD645D2123FA8F004E86E5 /* Debug */ = {
			isa = XCBuildConfiguration;
			buildSettings = {
				ALWAYS_EMBED_SWIFT_STANDARD_LIBRARIES = YES;
				CODE_SIGN_STYLE = Automatic;
				INFOPLIST_FILE = LoginSampleUITests/Info.plist;
				LD_RUNPATH_SEARCH_PATHS = (
					"$(inherited)",
					"@executable_path/Frameworks",
					"@loader_path/Frameworks",
				);
				PRODUCT_BUNDLE_IDENTIFIER = com.sanjay.myapp.LoginSampleUITests;
				PRODUCT_NAME = "$(TARGET_NAME)";
				SWIFT_VERSION = 4.0;
				TARGETED_DEVICE_FAMILY = "1,2";
				TEST_TARGET_NAME = LoginSample;
			};
			name = Debug;
		};
		0DBD645E2123FA8F004E86E5 /* Release */ = {
			isa = XCBuildConfiguration;
			buildSettings = {
				ALWAYS_EMBED_SWIFT_STANDARD_LIBRARIES = YES;
				CODE_SIGN_STYLE = Automatic;
				INFOPLIST_FILE = LoginSampleUITests/Info.plist;
				LD_RUNPATH_SEARCH_PATHS = (
					"$(inherited)",
					"@executable_path/Frameworks",
					"@loader_path/Frameworks",
				);
				PRODUCT_BUNDLE_IDENTIFIER = com.sanjay.myapp.LoginSampleUITests;
				PRODUCT_NAME = "$(TARGET_NAME)";
				SWIFT_VERSION = 4.0;
				TARGETED_DEVICE_FAMILY = "1,2";
				TEST_TARGET_NAME = LoginSample;
			};
			name = Release;
		};
/* End XCBuildConfiguration section */

/* Begin XCConfigurationList section */
		0DBD64292123FA8C004E86E5 /* Build configuration list for PBXProject "LoginSample" */ = {
			isa = XCConfigurationList;
			buildConfigurations = (
				0DBD64542123FA8F004E86E5 /* Debug */,
				0DBD64552123FA8F004E86E5 /* Release */,
			);
			defaultConfigurationIsVisible = 0;
			defaultConfigurationName = Release;
		};
		0DBD64562123FA8F004E86E5 /* Build configuration list for PBXNativeTarget "LoginSample" */ = {
			isa = XCConfigurationList;
			buildConfigurations = (
				0DBD64572123FA8F004E86E5 /* Debug */,
				0DBD64582123FA8F004E86E5 /* Release */,
			);
			defaultConfigurationIsVisible = 0;
			defaultConfigurationName = Release;
		};
		0DBD64592123FA8F004E86E5 /* Build configuration list for PBXNativeTarget "LoginSampleTests" */ = {
			isa = XCConfigurationList;
			buildConfigurations = (
				0DBD645A2123FA8F004E86E5 /* Debug */,
				0DBD645B2123FA8F004E86E5 /* Release */,
			);
			defaultConfigurationIsVisible = 0;
			defaultConfigurationName = Release;
		};
		0DBD645C2123FA8F004E86E5 /* Build configuration list for PBXNativeTarget "LoginSampleUITests" */ = {
			isa = XCConfigurationList;
			buildConfigurations = (
				0DBD645D2123FA8F004E86E5 /* Debug */,
				0DBD645E2123FA8F004E86E5 /* Release */,
			);
			defaultConfigurationIsVisible = 0;
			defaultConfigurationName = Release;
		};
/* End XCConfigurationList section */
	};
	rootObject = 0DBD64262123FA8C004E86E5 /* Project object */;
}
